<?xml version="1.0" encoding="UTF-8" standalone="yes" ?>
<CodeBlocks_project_file>
	<FileVersion major="1" minor="6" />
	<Project>
		<Option title="FraisCalcul" />
		<Option makefile="makefile" />
		<Option pch_mode="2" />
		<Option compiler="gcc" />
		<Build>
			<Target title="Debug">
				<Option output="bin/Debug/FraisCalcul" prefix_auto="1" extension_auto="1" />
				<Option object_output="obj/Debug/" />
				<Option type="1" />
				<Option compiler="gcc" />
				<Compiler>
					<Add option="-std=gnu++14" />
					<Add option="-g" />
					<Add directory="../googletest-1.14.0/googlemock/include" />
					<Add directory="../googletest-1.14.0/googletest/include" />
				</Compiler>
				<Linker>
					<Add option="-g C:/TP/essai/lib/libgmock.a -g C:/TP/essai/lib/libgtest.a -DGTEST_HAS_PTHREAD=0" />
				</Linker>
			</Target>
			<Target title="Release">
				<Option output="bin/Release/FraisCalcul" prefix_auto="1" extension_auto="1" />
				<Option object_output="obj/Release/" />
				<Option type="1" />
				<Option compiler="gcc" />
				<Compiler>
					<Add option="-O2" />
				</Compiler>
				<Linker>
					<Add option="-s" />
				</Linker>
			</Target>
		</Build>
		<Compiler>
			<Add option="-Wall" />
			<Add option="-fexceptions -std=c++11" />
		</Compiler>
		<Unit filename="CalculFrais.cpp" />
		<Unit filename="CalculFrais.h" />
		<Unit filename="MockParam.h" />
		<Unit filename="Param.h" />
		<Unit filename="include/CalculFrais.h" />
		<Unit filename="include/MockParam.h" />
		<Unit filename="include/Param.h" />
		<Unit filename="src/CalculFrais.cpp" />
		<Unit filename="test/TestCalculFrais.cpp" />
		<Extensions>
			<lib_finder disable_auto="1" />
		</Extensions>
	</Project>
</CodeBlocks_project_file>
